
Microsoft Visual Studio Solution File, Format Version 12.00
# Visual Studio Version 16
VisualStudioVersion = 16.0.32228.343
MinimumVisualStudioVersion = 10.0.40219.1
Project("{FAE04EC0-301F-11D3-BF4B-00C04F79EFBC}") = "BKBProductManagement.Api", "BKBProductManagement.Api\BKBProductManagement.Api.csproj", "{B2652D94-51D0-4B3E-9B0F-E1F3D2CC873C}"
EndProject
Global
	GlobalSection(SolutionConfigurationPlatforms) = preSolution
		Debug|Any CPU = Debug|Any CPU
		Release|Any CPU = Release|Any CPU
	EndGlobalSection
	GlobalSection(ProjectConfigurationPlatforms) = postSolution
		{B2652D94-51D0-4B3E-9B0F-E1F3D2CC873C}.Debug|Any CPU.ActiveCfg = Debug|Any CPU
		{B2652D94-51D0-4B3E-9B0F-E1F3D2CC873C}.Debug|Any CPU.Build.0 = Debug|Any CPU
		{B2652D94-51D0-4B3E-9B0F-E1F3D2CC873C}.Release|Any CPU.ActiveCfg = Release|Any CPU
		{B2652D94-51D0-4B3E-9B0F-E1F3D2CC873C}.Release|Any CPU.Build.0 = Release|Any CPU
	EndGlobalSection
	GlobalSection(SolutionProperties) = preSolution
		HideSolutionNode = FALSE
	EndGlobalSection
	GlobalSection(ExtensibilityGlobals) = postSolution
		SolutionGuid = {CE4B8992-576C-4040-AE84-C430BE27C35B}
	EndGlobalSection
EndGlobal
